
Microsoft Visual Studio Solution File, Format Version 12.00
# Visual Studio Version 16
VisualStudioVersion = 16.0.34902.97
MinimumVisualStudioVersion = 10.0.40219.1
Project("{FAE04EC0-301F-11D3-BF4B-00C04F79EFBC}") = "MISCORE2019", "MISCORE2019.csproj", "{146EA02B-1A17-49DD-899C-8175310B1F8E}"
EndProject
Global
	GlobalSection(SolutionConfigurationPlatforms) = preSolution
		Debug|Any CPU = Debug|Any CPU
		Release|Any CPU = Release|Any CPU
	EndGlobalSection
	GlobalSection(ProjectConfigurationPlatforms) = postSolution
		{146EA02B-1A17-49DD-899C-8175310B1F8E}.Debug|Any CPU.ActiveCfg = Debug|Any CPU
		{146EA02B-1A17-49DD-899C-8175310B1F8E}.Debug|Any CPU.Build.0 = Debug|Any CPU
		{146EA02B-1A17-49DD-899C-8175310B1F8E}.Release|Any CPU.ActiveCfg = Release|Any CPU
		{146EA02B-1A17-49DD-899C-8175310B1F8E}.Release|Any CPU.Build.0 = Release|Any CPU
	EndGlobalSection
	GlobalSection(SolutionProperties) = preSolution
		HideSolutionNode = FALSE
	EndGlobalSection
	GlobalSection(ExtensibilityGlobals) = postSolution
		SolutionGuid = {671E2709-557F-4EB4-B806-30952C7CCE43}
	EndGlobalSection
EndGlobal
