
Microsoft Visual Studio Solution File, Format Version 12.00
# Visual Studio Version 17
VisualStudioVersion = 17.10.34928.147
MinimumVisualStudioVersion = 10.0.40219.1
Project("{9A19103F-16F7-4668-BE54-9A1E7A4F7556}") = "MISCORE2019", "MISCORE2019.csproj", "{146EA02B-1A17-49DD-899C-8175310B1F8E}"
EndProject
Global
	GlobalSection(SolutionConfigurationPlatforms) = preSolution
		Debug|Any CPU = Debug|Any CPU
		Debug|x64 = Debug|x64
		Debug|x86 = Debug|x86
		Release|Any CPU = Release|Any CPU
		Release|x64 = Release|x64
		Release|x86 = Release|x86
	EndGlobalSection
	GlobalSection(ProjectConfigurationPlatforms) = postSolution
		{146EA02B-1A17-49DD-899C-8175310B1F8E}.Debug|Any CPU.ActiveCfg = Debug|Any CPU
		{146EA02B-1A17-49DD-899C-8175310B1F8E}.Debug|Any CPU.Build.0 = Debug|Any CPU
		{146EA02B-1A17-49DD-899C-8175310B1F8E}.Debug|x64.ActiveCfg = Debug|x64
		{146EA02B-1A17-49DD-899C-8175310B1F8E}.Debug|x64.Build.0 = Debug|x64
		{146EA02B-1A17-49DD-899C-8175310B1F8E}.Debug|x86.ActiveCfg = Debug|x86
		{146EA02B-1A17-49DD-899C-8175310B1F8E}.Debug|x86.Build.0 = Debug|x86
		{146EA02B-1A17-49DD-899C-8175310B1F8E}.Release|Any CPU.ActiveCfg = Release|Any CPU
		{146EA02B-1A17-49DD-899C-8175310B1F8E}.Release|Any CPU.Build.0 = Release|Any CPU
		{146EA02B-1A17-49DD-899C-8175310B1F8E}.Release|x64.ActiveCfg = Release|x64
		{146EA02B-1A17-49DD-899C-8175310B1F8E}.Release|x64.Build.0 = Release|x64
		{146EA02B-1A17-49DD-899C-8175310B1F8E}.Release|x86.ActiveCfg = Release|x86
		{146EA02B-1A17-49DD-899C-8175310B1F8E}.Release|x86.Build.0 = Release|x86
	EndGlobalSection
	GlobalSection(SolutionProperties) = preSolution
		HideSolutionNode = FALSE
	EndGlobalSection
	GlobalSection(ExtensibilityGlobals) = postSolution
		SolutionGuid = {671E2709-557F-4EB4-B806-30952C7CCE43}
	EndGlobalSection
EndGlobal
